
Microsoft Visual Studio Solution File, Format Version 12.00
# Visual Studio Version 16
VisualStudioVersion = 16.0.31624.102
MinimumVisualStudioVersion = 10.0.40219.1
Project("{FAE04EC0-301F-11D3-BF4B-00C04F79EFBC}") = "UgadayMelodiyu", "WindowsFormsApp1\UgadayMelodiyu.csproj", "{7241B7D2-7F66-45D0-ADC5-E26F139D3AEC}"
EndProject
Global
	GlobalSection(SolutionConfigurationPlatforms) = preSolution
		Debug|Any CPU = Debug|Any CPU
		Release|Any CPU = Release|Any CPU
	EndGlobalSection
	GlobalSection(ProjectConfigurationPlatforms) = postSolution
		{7241B7D2-7F66-45D0-ADC5-E26F139D3AEC}.Debug|Any CPU.ActiveCfg = Debug|Any CPU
		{7241B7D2-7F66-45D0-ADC5-E26F139D3AEC}.Debug|Any CPU.Build.0 = Debug|Any CPU
		{7241B7D2-7F66-45D0-ADC5-E26F139D3AEC}.Release|Any CPU.ActiveCfg = Release|Any CPU
		{7241B7D2-7F66-45D0-ADC5-E26F139D3AEC}.Release|Any CPU.Build.0 = Release|Any CPU
	EndGlobalSection
	GlobalSection(SolutionProperties) = preSolution
		HideSolutionNode = FALSE
	EndGlobalSection
	GlobalSection(ExtensibilityGlobals) = postSolution
		SolutionGuid = {0D94E163-18E8-440A-BD9B-6C081A49EA10}
	EndGlobalSection
EndGlobal
